// !$*UTF8*$!
{
	archiveVersion = 1;
	classes = {
	};
	objectVersion = 56;
	objects = {

/* Begin PBXBuildFile section */
		C24074F82AFBB52A00A79D6D /* ConventerApp.swift in Sources */ = {isa = PBXBuildFile; fileRef = C24074F72AFBB52A00A79D6D /* ConventerApp.swift */; };
		C24074FA2AFBB52A00A79D6D /* ContentView.swift in Sources */ = {isa = PBXBuildFile; fileRef = C24074F92AFBB52A00A79D6D /* ContentView.swift */; };
		C24074FC2AFBB52B00A79D6D /* Assets.xcassets in Resources */ = {isa = PBXBuildFile; fileRef = C24074FB2AFBB52B00A79D6D /* Assets.xcassets */; };
		C24074FF2AFBB52B00A79D6D /* Preview Assets.xcassets in Resources */ = {isa = PBXBuildFile; fileRef = C24074FE2AFBB52B00A79D6D /* Preview Assets.xcassets */; };
		C24075092AFBB52B00A79D6D /* ConventerTests.swift in Sources */ = {isa = PBXBuildFile; fileRef = C24075082AFBB52B00A79D6D /* ConventerTests.swift */; };
		C24075132AFBB52B00A79D6D /* ConventerUITests.swift in Sources */ = {isa = PBXBuildFile; fileRef = C24075122AFBB52B00A79D6D /* ConventerUITests.swift */; };
		C24075152AFBB52B00A79D6D /* ConventerUITestsLaunchTests.swift in Sources */ = {isa = PBXBuildFile; fileRef = C24075142AFBB52B00A79D6D /* ConventerUITestsLaunchTests.swift */; };
		C24075242AFBC99A00A79D6D /* ExchangeInfo.swift in Sources */ = {isa = PBXBuildFile; fileRef = C24075232AFBC99A00A79D6D /* ExchangeInfo.swift */; };
		C24075262AFBCD0F00A79D6D /* ExchangeRate.swift in Sources */ = {isa = PBXBuildFile; fileRef = C24075252AFBCD0F00A79D6D /* ExchangeRate.swift */; };
		C24075282AFBD3B800A79D6D /* SelectCurrency.swift in Sources */ = {isa = PBXBuildFile; fileRef = C24075272AFBD3B800A79D6D /* SelectCurrency.swift */; };
		C240752A2AFBD70400A79D6D /* CurrencyIcon.swift in Sources */ = {isa = PBXBuildFile; fileRef = C24075292AFBD70400A79D6D /* CurrencyIcon.swift */; };
		C240752C2AFBDD6F00A79D6D /* Currency.swift in Sources */ = {isa = PBXBuildFile; fileRef = C240752B2AFBDD6F00A79D6D /* Currency.swift */; };
		C240752E2AFD18DA00A79D6D /* IconGrid.swift in Sources */ = {isa = PBXBuildFile; fileRef = C240752D2AFD18DA00A79D6D /* IconGrid.swift */; };
/* End PBXBuildFile section */

/* Begin PBXContainerItemProxy section */
		C24075052AFBB52B00A79D6D /* PBXContainerItemProxy */ = {
			isa = PBXContainerItemProxy;
			containerPortal = C24074EC2AFBB52A00A79D6D /* Project object */;
			proxyType = 1;
			remoteGlobalIDString = C24074F32AFBB52A00A79D6D;
			remoteInfo = Conventer;
		};
		C240750F2AFBB52B00A79D6D /* PBXContainerItemProxy */ = {
			isa = PBXContainerItemProxy;
			containerPortal = C24074EC2AFBB52A00A79D6D /* Project object */;
			proxyType = 1;
			remoteGlobalIDString = C24074F32AFBB52A00A79D6D;
			remoteInfo = Conventer;
		};
/* End PBXContainerItemProxy section */

/* Begin PBXFileReference section */
		C24074F42AFBB52A00A79D6D /* Conventer.app */ = {isa = PBXFileReference; explicitFileType = wrapper.application; includeInIndex = 0; path = Conventer.app; sourceTree = BUILT_PRODUCTS_DIR; };
		C24074F72AFBB52A00A79D6D /* ConventerApp.swift */ = {isa = PBXFileReference; lastKnownFileType = sourcecode.swift; path = ConventerApp.swift; sourceTree = "<group>"; };
		C24074F92AFBB52A00A79D6D /* ContentView.swift */ = {isa = PBXFileReference; lastKnownFileType = sourcecode.swift; path = ContentView.swift; sourceTree = "<group>"; };
		C24074FB2AFBB52B00A79D6D /* Assets.xcassets */ = {isa = PBXFileReference; lastKnownFileType = folder.assetcatalog; path = Assets.xcassets; sourceTree = "<group>"; };
		C24074FE2AFBB52B00A79D6D /* Preview Assets.xcassets */ = {isa = PBXFileReference; lastKnownFileType = folder.assetcatalog; path = "Preview Assets.xcassets"; sourceTree = "<group>"; };
		C24075042AFBB52B00A79D6D /* ConventerTests.xctest */ = {isa = PBXFileReference; explicitFileType = wrapper.cfbundle; includeInIndex = 0; path = ConventerTests.xctest; sourceTree = BUILT_PRODUCTS_DIR; };
		C24075082AFBB52B00A79D6D /* ConventerTests.swift */ = {isa = PBXFileReference; lastKnownFileType = sourcecode.swift; path = ConventerTests.swift; sourceTree = "<group>"; };
		C240750E2AFBB52B00A79D6D /* ConventerUITests.xctest */ = {isa = PBXFileReference; explicitFileType = wrapper.cfbundle; includeInIndex = 0; path = ConventerUITests.xctest; sourceTree = BUILT_PRODUCTS_DIR; };
		C24075122AFBB52B00A79D6D /* ConventerUITests.swift */ = {isa = PBXFileReference; lastKnownFileType = sourcecode.swift; path = ConventerUITests.swift; sourceTree = "<group>"; };
		C24075142AFBB52B00A79D6D /* ConventerUITestsLaunchTests.swift */ = {isa = PBXFileReference; lastKnownFileType = sourcecode.swift; path = ConventerUITestsLaunchTests.swift; sourceTree = "<group>"; };
		C24075232AFBC99A00A79D6D /* ExchangeInfo.swift */ = {isa = PBXFileReference; lastKnownFileType = sourcecode.swift; path = ExchangeInfo.swift; sourceTree = "<group>"; };
		C24075252AFBCD0F00A79D6D /* ExchangeRate.swift */ = {isa = PBXFileReference; lastKnownFileType = sourcecode.swift; path = ExchangeRate.swift; sourceTree = "<group>"; };
		C24075272AFBD3B800A79D6D /* SelectCurrency.swift */ = {isa = PBXFileReference; lastKnownFileType = sourcecode.swift; path = SelectCurrency.swift; sourceTree = "<group>"; };
		C24075292AFBD70400A79D6D /* CurrencyIcon.swift */ = {isa = PBXFileReference; lastKnownFileType = sourcecode.swift; path = CurrencyIcon.swift; sourceTree = "<group>"; };
		C240752B2AFBDD6F00A79D6D /* Currency.swift */ = {isa = PBXFileReference; lastKnownFileType = sourcecode.swift; path = Currency.swift; sourceTree = "<group>"; };
		C240752D2AFD18DA00A79D6D /* IconGrid.swift */ = {isa = PBXFileReference; lastKnownFileType = sourcecode.swift; path = IconGrid.swift; sourceTree = "<group>"; };
/* End PBXFileReference section */

/* Begin PBXFrameworksBuildPhase section */
		C24074F12AFBB52A00A79D6D /* Frameworks */ = {
			isa = PBXFrameworksBuildPhase;
			buildActionMask = 2147483647;
			files = (
			);
			runOnlyForDeploymentPostprocessing = 0;
		};
		C24075012AFBB52B00A79D6D /* Frameworks */ = {
			isa = PBXFrameworksBuildPhase;
			buildActionMask = 2147483647;
			files = (
			);
			runOnlyForDeploymentPostprocessing = 0;
		};
		C240750B2AFBB52B00A79D6D /* Frameworks */ = {
			isa = PBXFrameworksBuildPhase;
			buildActionMask = 2147483647;
			files = (
			);
			runOnlyForDeploymentPostprocessing = 0;
		};
/* End PBXFrameworksBuildPhase section */

/* Begin PBXGroup section */
		C24074EB2AFBB52A00A79D6D = {
			isa = PBXGroup;
			children = (
				C24074F62AFBB52A00A79D6D /* Conventer */,
				C24075072AFBB52B00A79D6D /* ConventerTests */,
				C24075112AFBB52B00A79D6D /* ConventerUITests */,
				C24074F52AFBB52A00A79D6D /* Products */,
			);
			sourceTree = "<group>";
		};
		C24074F52AFBB52A00A79D6D /* Products */ = {
			isa = PBXGroup;
			children = (
				C24074F42AFBB52A00A79D6D /* Conventer.app */,
				C24075042AFBB52B00A79D6D /* ConventerTests.xctest */,
				C240750E2AFBB52B00A79D6D /* ConventerUITests.xctest */,
			);
			name = Products;
			sourceTree = "<group>";
		};
		C24074F62AFBB52A00A79D6D /* Conventer */ = {
			isa = PBXGroup;
			children = (
				C24074F72AFBB52A00A79D6D /* ConventerApp.swift */,
				C240752B2AFBDD6F00A79D6D /* Currency.swift */,
				C24074F92AFBB52A00A79D6D /* ContentView.swift */,
				C24075272AFBD3B800A79D6D /* SelectCurrency.swift */,
				C240752D2AFD18DA00A79D6D /* IconGrid.swift */,
				C24075292AFBD70400A79D6D /* CurrencyIcon.swift */,
				C24075232AFBC99A00A79D6D /* ExchangeInfo.swift */,
				C24075252AFBCD0F00A79D6D /* ExchangeRate.swift */,
				C24074FB2AFBB52B00A79D6D /* Assets.xcassets */,
				C24074FD2AFBB52B00A79D6D /* Preview Content */,
			);
			path = Conventer;
			sourceTree = "<group>";
		};
		C24074FD2AFBB52B00A79D6D /* Preview Content */ = {
			isa = PBXGroup;
			children = (
				C24074FE2AFBB52B00A79D6D /* Preview Assets.xcassets */,
			);
			path = "Preview Content";
			sourceTree = "<group>";
		};
		C24075072AFBB52B00A79D6D /* ConventerTests */ = {
			isa = PBXGroup;
			children = (
				C24075082AFBB52B00A79D6D /* ConventerTests.swift */,
			);
			path = ConventerTests;
			sourceTree = "<group>";
		};
		C24075112AFBB52B00A79D6D /* ConventerUITests */ = {
			isa = PBXGroup;
			children = (
				C24075122AFBB52B00A79D6D /* ConventerUITests.swift */,
				C24075142AFBB52B00A79D6D /* ConventerUITestsLaunchTests.swift */,
			);
			path = ConventerUITests;
			sourceTree = "<group>";
		};
/* End PBXGroup section */

/* Begin PBXNativeTarget section */
		C24074F32AFBB52A00A79D6D /* Conventer */ = {
			isa = PBXNativeTarget;
			buildConfigurationList = C24075182AFBB52B00A79D6D /* Build configuration list for PBXNativeTarget "Conventer" */;
			buildPhases = (
				C24074F02AFBB52A00A79D6D /* Sources */,
				C24074F12AFBB52A00A79D6D /* Frameworks */,
				C24074F22AFBB52A00A79D6D /* Resources */,
			);
			buildRules = (
			);
			dependencies = (
			);
			name = Conventer;
			productName = Conventer;
			productReference = C24074F42AFBB52A00A79D6D /* Conventer.app */;
			productType = "com.apple.product-type.application";
		};
		C24075032AFBB52B00A79D6D /* ConventerTests */ = {
			isa = PBXNativeTarget;
			buildConfigurationList = C240751B2AFBB52B00A79D6D /* Build configuration list for PBXNativeTarget "ConventerTests" */;
			buildPhases = (
				C24075002AFBB52B00A79D6D /* Sources */,
				C24075012AFBB52B00A79D6D /* Frameworks */,
				C24075022AFBB52B00A79D6D /* Resources */,
			);
			buildRules = (
			);
			dependencies = (
				C24075062AFBB52B00A79D6D /* PBXTargetDependency */,
			);
			name = ConventerTests;
			productName = ConventerTests;
			productReference = C24075042AFBB52B00A79D6D /* ConventerTests.xctest */;
			productType = "com.apple.product-type.bundle.unit-test";
		};
		C240750D2AFBB52B00A79D6D /* ConventerUITests */ = {
			isa = PBXNativeTarget;
			buildConfigurationList = C240751E2AFBB52B00A79D6D /* Build configuration list for PBXNativeTarget "ConventerUITests" */;
			buildPhases = (
				C240750A2AFBB52B00A79D6D /* Sources */,
				C240750B2AFBB52B00A79D6D /* Frameworks */,
				C240750C2AFBB52B00A79D6D /* Resources */,
			);
			buildRules = (
			);
			dependencies = (
				C24075102AFBB52B00A79D6D /* PBXTargetDependency */,
			);
			name = ConventerUITests;
			productName = ConventerUITests;
			productReference = C240750E2AFBB52B00A79D6D /* ConventerUITests.xctest */;
			productType = "com.apple.product-type.bundle.ui-testing";
		};
/* End PBXNativeTarget section */

/* Begin PBXProject section */
		C24074EC2AFBB52A00A79D6D /* Project object */ = {
			isa = PBXProject;
			attributes = {
				BuildIndependentTargetsInParallel = 1;
				LastSwiftUpdateCheck = 1500;
				LastUpgradeCheck = 1500;
				TargetAttributes = {
					C24074F32AFBB52A00A79D6D = {
						CreatedOnToolsVersion = 15.0.1;
					};
					C24075032AFBB52B00A79D6D = {
						CreatedOnToolsVersion = 15.0.1;
						TestTargetID = C24074F32AFBB52A00A79D6D;
					};
					C240750D2AFBB52B00A79D6D = {
						CreatedOnToolsVersion = 15.0.1;
						TestTargetID = C24074F32AFBB52A00A79D6D;
					};
				};
			};
			buildConfigurationList = C24074EF2AFBB52A00A79D6D /* Build configuration list for PBXProject "Conventer" */;
			compatibilityVersion = "Xcode 14.0";
			developmentRegion = en;
			hasScannedForEncodings = 0;
			knownRegions = (
				en,
				Base,
			);
			mainGroup = C24074EB2AFBB52A00A79D6D;
			productRefGroup = C24074F52AFBB52A00A79D6D /* Products */;
			projectDirPath = "";
			projectRoot = "";
			targets = (
				C24074F32AFBB52A00A79D6D /* Conventer */,
				C24075032AFBB52B00A79D6D /* ConventerTests */,
				C240750D2AFBB52B00A79D6D /* ConventerUITests */,
			);
		};
/* End PBXProject section */

/* Begin PBXResourcesBuildPhase section */
		C24074F22AFBB52A00A79D6D /* Resources */ = {
			isa = PBXResourcesBuildPhase;
			buildActionMask = 2147483647;
			files = (
				C24074FF2AFBB52B00A79D6D /* Preview Assets.xcassets in Resources */,
				C24074FC2AFBB52B00A79D6D /* Assets.xcassets in Resources */,
			);
			runOnlyForDeploymentPostprocessing = 0;
		};
		C24075022AFBB52B00A79D6D /* Resources */ = {
			isa = PBXResourcesBuildPhase;
			buildActionMask = 2147483647;
			files = (
			);
			runOnlyForDeploymentPostprocessing = 0;
		};
		C240750C2AFBB52B00A79D6D /* Resources */ = {
			isa = PBXResourcesBuildPhase;
			buildActionMask = 2147483647;
			files = (
			);
			runOnlyForDeploymentPostprocessing = 0;
		};
/* End PBXResourcesBuildPhase section */

/* Begin PBXSourcesBuildPhase section */
		C24074F02AFBB52A00A79D6D /* Sources */ = {
			isa = PBXSourcesBuildPhase;
			buildActionMask = 2147483647;
			files = (
				C240752E2AFD18DA00A79D6D /* IconGrid.swift in Sources */,
				C24075262AFBCD0F00A79D6D /* ExchangeRate.swift in Sources */,
				C24075282AFBD3B800A79D6D /* SelectCurrency.swift in Sources */,
				C24075242AFBC99A00A79D6D /* ExchangeInfo.swift in Sources */,
				C24074FA2AFBB52A00A79D6D /* ContentView.swift in Sources */,
				C24074F82AFBB52A00A79D6D /* ConventerApp.swift in Sources */,
				C240752C2AFBDD6F00A79D6D /* Currency.swift in Sources */,
				C240752A2AFBD70400A79D6D /* CurrencyIcon.swift in Sources */,
			);
			runOnlyForDeploymentPostprocessing = 0;
		};
		C24075002AFBB52B00A79D6D /* Sources */ = {
			isa = PBXSourcesBuildPhase;
			buildActionMask = 2147483647;
			files = (
				C24075092AFBB52B00A79D6D /* ConventerTests.swift in Sources */,
			);
			runOnlyForDeploymentPostprocessing = 0;
		};
		C240750A2AFBB52B00A79D6D /* Sources */ = {
			isa = PBXSourcesBuildPhase;
			buildActionMask = 2147483647;
			files = (
				C24075132AFBB52B00A79D6D /* ConventerUITests.swift in Sources */,
				C24075152AFBB52B00A79D6D /* ConventerUITestsLaunchTests.swift in Sources */,
			);
			runOnlyForDeploymentPostprocessing = 0;
		};
/* End PBXSourcesBuildPhase section */

/* Begin PBXTargetDependency section */
		C24075062AFBB52B00A79D6D /* PBXTargetDependency */ = {
			isa = PBXTargetDependency;
			target = C24074F32AFBB52A00A79D6D /* Conventer */;
			targetProxy = C24075052AFBB52B00A79D6D /* PBXContainerItemProxy */;
		};
		C24075102AFBB52B00A79D6D /* PBXTargetDependency */ = {
			isa = PBXTargetDependency;
			target = C24074F32AFBB52A00A79D6D /* Conventer */;
			targetProxy = C240750F2AFBB52B00A79D6D /* PBXContainerItemProxy */;
		};
/* End PBXTargetDependency section */

/* Begin XCBuildConfiguration section */
		C24075162AFBB52B00A79D6D /* Debug */ = {
			isa = XCBuildConfiguration;
			buildSettings = {
				ALWAYS_SEARCH_USER_PATHS = NO;
				ASSETCATALOG_COMPILER_GENERATE_SWIFT_ASSET_SYMBOL_EXTENSIONS = YES;
				CLANG_ANALYZER_NONNULL = YES;
				CLANG_ANALYZER_NUMBER_OBJECT_CONVERSION = YES_AGGRESSIVE;
				CLANG_CXX_LANGUAGE_STANDARD = "gnu++20";
				CLANG_ENABLE_MODULES = YES;
				CLANG_ENABLE_OBJC_ARC = YES;
				CLANG_ENABLE_OBJC_WEAK = YES;
				CLANG_WARN_BLOCK_CAPTURE_AUTORELEASING = YES;
				CLANG_WARN_BOOL_CONVERSION = YES;
				CLANG_WARN_COMMA = YES;
				CLANG_WARN_CONSTANT_CONVERSION = YES;
				CLANG_WARN_DEPRECATED_OBJC_IMPLEMENTATIONS = YES;
				CLANG_WARN_DIRECT_OBJC_ISA_USAGE = YES_ERROR;
				CLANG_WARN_DOCUMENTATION_COMMENTS = YES;
				CLANG_WARN_EMPTY_BODY = YES;
				CLANG_WARN_ENUM_CONVERSION = YES;
				CLANG_WARN_INFINITE_RECURSION = YES;
				CLANG_WARN_INT_CONVERSION = YES;
				CLANG_WARN_NON_LITERAL_NULL_CONVERSION = YES;
				CLANG_WARN_OBJC_IMPLICIT_RETAIN_SELF = YES;
				CLANG_WARN_OBJC_LITERAL_CONVERSION = YES;
				CLANG_WARN_OBJC_ROOT_CLASS = YES_ERROR;
				CLANG_WARN_QUOTED_INCLUDE_IN_FRAMEWORK_HEADER = YES;
				CLANG_WARN_RANGE_LOOP_ANALYSIS = YES;
				CLANG_WARN_STRICT_PROTOTYPES = YES;
				CLANG_WARN_SUSPICIOUS_MOVE = YES;
				CLANG_WARN_UNGUARDED_AVAILABILITY = YES_AGGRESSIVE;
				CLANG_WARN_UNREACHABLE_CODE = YES;
				CLANG_WARN__DUPLICATE_METHOD_MATCH = YES;
				COPY_PHASE_STRIP = NO;
				DEBUG_INFORMATION_FORMAT = dwarf;
				ENABLE_STRICT_OBJC_MSGSEND = YES;
				ENABLE_TESTABILITY = YES;
				ENABLE_USER_SCRIPT_SANDBOXING = YES;
				GCC_C_LANGUAGE_STANDARD = gnu17;
				GCC_DYNAMIC_NO_PIC = NO;
				GCC_NO_COMMON_BLOCKS = YES;
				GCC_OPTIMIZATION_LEVEL = 0;
				GCC_PREPROCESSOR_DEFINITIONS = (
					"DEBUG=1",
					"$(inherited)",
				);
				GCC_WARN_64_TO_32_BIT_CONVERSION = YES;
				GCC_WARN_ABOUT_RETURN_TYPE = YES_ERROR;
				GCC_WARN_UNDECLARED_SELECTOR = YES;
				GCC_WARN_UNINITIALIZED_AUTOS = YES_AGGRESSIVE;
				GCC_WARN_UNUSED_FUNCTION = YES;
				GCC_WARN_UNUSED_VARIABLE = YES;
				IPHONEOS_DEPLOYMENT_TARGET = 17.0;
				LOCALIZATION_PREFERS_STRING_CATALOGS = YES;
				MTL_ENABLE_DEBUG_INFO = INCLUDE_SOURCE;
				MTL_FAST_MATH = YES;
				ONLY_ACTIVE_ARCH = YES;
				SDKROOT = iphoneos;
				SWIFT_ACTIVE_COMPILATION_CONDITIONS = "DEBUG $(inherited)";
				SWIFT_OPTIMIZATION_LEVEL = "-Onone";
			};
			name = Debug;
		};
		C24075172AFBB52B00A79D6D /* Release */ = {
			isa = XCBuildConfiguration;
			buildSettings = {
				ALWAYS_SEARCH_USER_PATHS = NO;
				ASSETCATALOG_COMPILER_GENERATE_SWIFT_ASSET_SYMBOL_EXTENSIONS = YES;
				CLANG_ANALYZER_NONNULL = YES;
				CLANG_ANALYZER_NUMBER_OBJECT_CONVERSION = YES_AGGRESSIVE;
				CLANG_CXX_LANGUAGE_STANDARD = "gnu++20";
				CLANG_ENABLE_MODULES = YES;
				CLANG_ENABLE_OBJC_ARC = YES;
				CLANG_ENABLE_OBJC_WEAK = YES;
				CLANG_WARN_BLOCK_CAPTURE_AUTORELEASING = YES;
				CLANG_WARN_BOOL_CONVERSION = YES;
				CLANG_WARN_COMMA = YES;
				CLANG_WARN_CONSTANT_CONVERSION = YES;
				CLANG_WARN_DEPRECATED_OBJC_IMPLEMENTATIONS = YES;
				CLANG_WARN_DIRECT_OBJC_ISA_USAGE = YES_ERROR;
				CLANG_WARN_DOCUMENTATION_COMMENTS = YES;
				CLANG_WARN_EMPTY_BODY = YES;
				CLANG_WARN_ENUM_CONVERSION = YES;
				CLANG_WARN_INFINITE_RECURSION = YES;
				CLANG_WARN_INT_CONVERSION = YES;
				CLANG_WARN_NON_LITERAL_NULL_CONVERSION = YES;
				CLANG_WARN_OBJC_IMPLICIT_RETAIN_SELF = YES;
				CLANG_WARN_OBJC_LITERAL_CONVERSION = YES;
				CLANG_WARN_OBJC_ROOT_CLASS = YES_ERROR;
				CLANG_WARN_QUOTED_INCLUDE_IN_FRAMEWORK_HEADER = YES;
				CLANG_WARN_RANGE_LOOP_ANALYSIS = YES;
				CLANG_WARN_STRICT_PROTOTYPES = YES;
				CLANG_WARN_SUSPICIOUS_MOVE = YES;
				CLANG_WARN_UNGUARDED_AVAILABILITY = YES_AGGRESSIVE;
				CLANG_WARN_UNREACHABLE_CODE = YES;
				CLANG_WARN__DUPLICATE_METHOD_MATCH = YES;
				COPY_PHASE_STRIP = NO;
				DEBUG_INFORMATION_FORMAT = "dwarf-with-dsym";
				ENABLE_NS_ASSERTIONS = NO;
				ENABLE_STRICT_OBJC_MSGSEND = YES;
				ENABLE_USER_SCRIPT_SANDBOXING = YES;
				GCC_C_LANGUAGE_STANDARD = gnu17;
				GCC_NO_COMMON_BLOCKS = YES;
				GCC_WARN_64_TO_32_BIT_CONVERSION = YES;
				GCC_WARN_ABOUT_RETURN_TYPE = YES_ERROR;
				GCC_WARN_UNDECLARED_SELECTOR = YES;
				GCC_WARN_UNINITIALIZED_AUTOS = YES_AGGRESSIVE;
				GCC_WARN_UNUSED_FUNCTION = YES;
				GCC_WARN_UNUSED_VARIABLE = YES;
				IPHONEOS_DEPLOYMENT_TARGET = 17.0;
				LOCALIZATION_PREFERS_STRING_CATALOGS = YES;
				MTL_ENABLE_DEBUG_INFO = NO;
				MTL_FAST_MATH = YES;
				SDKROOT = iphoneos;
				SWIFT_COMPILATION_MODE = wholemodule;
				VALIDATE_PRODUCT = YES;
			};
			name = Release;
		};
		C24075192AFBB52B00A79D6D /* Debug */ = {
			isa = XCBuildConfiguration;
			buildSettings = {
				ASSETCATALOG_COMPILER_APPICON_NAME = AppIcon;
				ASSETCATALOG_COMPILER_GLOBAL_ACCENT_COLOR_NAME = AccentColor;
				CODE_SIGN_STYLE = Automatic;
				CURRENT_PROJECT_VERSION = 1;
				DEVELOPMENT_ASSET_PATHS = "\"Conventer/Preview Content\"";
				ENABLE_PREVIEWS = YES;
				GENERATE_INFOPLIST_FILE = YES;
				INFOPLIST_KEY_UIApplicationSceneManifest_Generation = YES;
				INFOPLIST_KEY_UIApplicationSupportsIndirectInputEvents = YES;
				INFOPLIST_KEY_UILaunchScreen_Generation = YES;
				INFOPLIST_KEY_UISupportedInterfaceOrientations_iPad = "UIInterfaceOrientationPortrait UIInterfaceOrientationPortraitUpsideDown UIInterfaceOrientationLandscapeLeft UIInterfaceOrientationLandscapeRight";
				INFOPLIST_KEY_UISupportedInterfaceOrientations_iPhone = "UIInterfaceOrientationPortrait UIInterfaceOrientationLandscapeLeft UIInterfaceOrientationLandscapeRight";
				LD_RUNPATH_SEARCH_PATHS = (
					"$(inherited)",
					"@executable_path/Frameworks",
				);
				MARKETING_VERSION = 1.0;
				PRODUCT_BUNDLE_IDENTIFIER = Matko.Conventer;
				PRODUCT_NAME = "$(TARGET_NAME)";
				SWIFT_EMIT_LOC_STRINGS = YES;
				SWIFT_VERSION = 5.0;
				TARGETED_DEVICE_FAMILY = "1,2";
			};
			name = Debug;
		};
		C240751A2AFBB52B00A79D6D /* Release */ = {
			isa = XCBuildConfiguration;
			buildSettings = {
				ASSETCATALOG_COMPILER_APPICON_NAME = AppIcon;
				ASSETCATALOG_COMPILER_GLOBAL_ACCENT_COLOR_NAME = AccentColor;
				CODE_SIGN_STYLE = Automatic;
				CURRENT_PROJECT_VERSION = 1;
				DEVELOPMENT_ASSET_PATHS = "\"Conventer/Preview Content\"";
				ENABLE_PREVIEWS = YES;
				GENERATE_INFOPLIST_FILE = YES;
				INFOPLIST_KEY_UIApplicationSceneManifest_Generation = YES;
				INFOPLIST_KEY_UIApplicationSupportsIndirectInputEvents = YES;
				INFOPLIST_KEY_UILaunchScreen_Generation = YES;
				INFOPLIST_KEY_UISupportedInterfaceOrientations_iPad = "UIInterfaceOrientationPortrait UIInterfaceOrientationPortraitUpsideDown UIInterfaceOrientationLandscapeLeft UIInterfaceOrientationLandscapeRight";
				INFOPLIST_KEY_UISupportedInterfaceOrientations_iPhone = "UIInterfaceOrientationPortrait UIInterfaceOrientationLandscapeLeft UIInterfaceOrientationLandscapeRight";
				LD_RUNPATH_SEARCH_PATHS = (
					"$(inherited)",
					"@executable_path/Frameworks",
				);
				MARKETING_VERSION = 1.0;
				PRODUCT_BUNDLE_IDENTIFIER = Matko.Conventer;
				PRODUCT_NAME = "$(TARGET_NAME)";
				SWIFT_EMIT_LOC_STRINGS = YES;
				SWIFT_VERSION = 5.0;
				TARGETED_DEVICE_FAMILY = "1,2";
			};
			name = Release;
		};
		C240751C2AFBB52B00A79D6D /* Debug */ = {
			isa = XCBuildConfiguration;
			buildSettings = {
				ALWAYS_EMBED_SWIFT_STANDARD_LIBRARIES = YES;
				BUNDLE_LOADER = "$(TEST_HOST)";
				CODE_SIGN_STYLE = Automatic;
				CURRENT_PROJECT_VERSION = 1;
				GENERATE_INFOPLIST_FILE = YES;
				IPHONEOS_DEPLOYMENT_TARGET = 17.0;
				MARKETING_VERSION = 1.0;
				PRODUCT_BUNDLE_IDENTIFIER = Matko.ConventerTests;
				PRODUCT_NAME = "$(TARGET_NAME)";
				SWIFT_EMIT_LOC_STRINGS = NO;
				SWIFT_VERSION = 5.0;
				TARGETED_DEVICE_FAMILY = "1,2";
				TEST_HOST = "$(BUILT_PRODUCTS_DIR)/Conventer.app/$(BUNDLE_EXECUTABLE_FOLDER_PATH)/Conventer";
			};
			name = Debug;
		};
		C240751D2AFBB52B00A79D6D /* Release */ = {
			isa = XCBuildConfiguration;
			buildSettings = {
				ALWAYS_EMBED_SWIFT_STANDARD_LIBRARIES = YES;
				BUNDLE_LOADER = "$(TEST_HOST)";
				CODE_SIGN_STYLE = Automatic;
				CURRENT_PROJECT_VERSION = 1;
				GENERATE_INFOPLIST_FILE = YES;
				IPHONEOS_DEPLOYMENT_TARGET = 17.0;
				MARKETING_VERSION = 1.0;
				PRODUCT_BUNDLE_IDENTIFIER = Matko.ConventerTests;
				PRODUCT_NAME = "$(TARGET_NAME)";
				SWIFT_EMIT_LOC_STRINGS = NO;
				SWIFT_VERSION = 5.0;
				TARGETED_DEVICE_FAMILY = "1,2";
				TEST_HOST = "$(BUILT_PRODUCTS_DIR)/Conventer.app/$(BUNDLE_EXECUTABLE_FOLDER_PATH)/Conventer";
			};
			name = Release;
		};
		C240751F2AFBB52B00A79D6D /* Debug */ = {
			isa = XCBuildConfiguration;
			buildSettings = {
				ALWAYS_EMBED_SWIFT_STANDARD_LIBRARIES = YES;
				CODE_SIGN_STYLE = Automatic;
				CURRENT_PROJECT_VERSION = 1;
				GENERATE_INFOPLIST_FILE = YES;
				MARKETING_VERSION = 1.0;
				PRODUCT_BUNDLE_IDENTIFIER = Matko.ConventerUITests;
				PRODUCT_NAME = "$(TARGET_NAME)";
				SWIFT_EMIT_LOC_STRINGS = NO;
				SWIFT_VERSION = 5.0;
				TARGETED_DEVICE_FAMILY = "1,2";
				TEST_TARGET_NAME = Conventer;
			};
			name = Debug;
		};
		C24075202AFBB52B00A79D6D /* Release */ = {
			isa = XCBuildConfiguration;
			buildSettings = {
				ALWAYS_EMBED_SWIFT_STANDARD_LIBRARIES = YES;
				CODE_SIGN_STYLE = Automatic;
				CURRENT_PROJECT_VERSION = 1;
				GENERATE_INFOPLIST_FILE = YES;
				MARKETING_VERSION = 1.0;
				PRODUCT_BUNDLE_IDENTIFIER = Matko.ConventerUITests;
				PRODUCT_NAME = "$(TARGET_NAME)";
				SWIFT_EMIT_LOC_STRINGS = NO;
				SWIFT_VERSION = 5.0;
				TARGETED_DEVICE_FAMILY = "1,2";
				TEST_TARGET_NAME = Conventer;
			};
			name = Release;
		};
/* End XCBuildConfiguration section */

/* Begin XCConfigurationList section */
		C24074EF2AFBB52A00A79D6D /* Build configuration list for PBXProject "Conventer" */ = {
			isa = XCConfigurationList;
			buildConfigurations = (
				C24075162AFBB52B00A79D6D /* Debug */,
				C24075172AFBB52B00A79D6D /* Release */,
			);
			defaultConfigurationIsVisible = 0;
			defaultConfigurationName = Release;
		};
		C24075182AFBB52B00A79D6D /* Build configuration list for PBXNativeTarget "Conventer" */ = {
			isa = XCConfigurationList;
			buildConfigurations = (
				C24075192AFBB52B00A79D6D /* Debug */,
				C240751A2AFBB52B00A79D6D /* Release */,
			);
			defaultConfigurationIsVisible = 0;
			defaultConfigurationName = Release;
		};
		C240751B2AFBB52B00A79D6D /* Build configuration list for PBXNativeTarget "ConventerTests" */ = {
			isa = XCConfigurationList;
			buildConfigurations = (
				C240751C2AFBB52B00A79D6D /* Debug */,
				C240751D2AFBB52B00A79D6D /* Release */,
			);
			defaultConfigurationIsVisible = 0;
			defaultConfigurationName = Release;
		};
		C240751E2AFBB52B00A79D6D /* Build configuration list for PBXNativeTarget "ConventerUITests" */ = {
			isa = XCConfigurationList;
			buildConfigurations = (
				C240751F2AFBB52B00A79D6D /* Debug */,
				C24075202AFBB52B00A79D6D /* Release */,
			);
			defaultConfigurationIsVisible = 0;
			defaultConfigurationName = Release;
		};
/* End XCConfigurationList section */
	};
	rootObject = C24074EC2AFBB52A00A79D6D /* Project object */;
}
